
Microsoft Visual Studio Solution File, Format Version 12.00
# Visual Studio 2012
Project("{FAE04EC0-301F-11D3-BF4B-00C04F79EFBC}") = "Service", "Service\Service.csproj", "{E582F34A-F931-4EC7-961F-EABDD0EA8F81}"
EndProject
Project("{FAE04EC0-301F-11D3-BF4B-00C04F79EFBC}") = "Host", "Host\Host.csproj", "{D23D8D9B-C19E-40F0-AD15-928FB998D301}"
	ProjectSection(ProjectDependencies) = postProject
		{61655F9E-3EBC-460E-B513-30B6269BCE9C} = {61655F9E-3EBC-460E-B513-30B6269BCE9C}
	EndProjectSection
EndProject
Project("{FAE04EC0-301F-11D3-BF4B-00C04F79EFBC}") = "Client", "Client\Client.csproj", "{61655F9E-3EBC-460E-B513-30B6269BCE9C}"
EndProject
Global
	GlobalSection(SolutionConfigurationPlatforms) = preSolution
		Debug|Any CPU = Debug|Any CPU
		Release|Any CPU = Release|Any CPU
	EndGlobalSection
	GlobalSection(ProjectConfigurationPlatforms) = postSolution
		{E582F34A-F931-4EC7-961F-EABDD0EA8F81}.Debug|Any CPU.ActiveCfg = Debug|Any CPU
		{E582F34A-F931-4EC7-961F-EABDD0EA8F81}.Debug|Any CPU.Build.0 = Debug|Any CPU
		{E582F34A-F931-4EC7-961F-EABDD0EA8F81}.Release|Any CPU.ActiveCfg = Release|Any CPU
		{E582F34A-F931-4EC7-961F-EABDD0EA8F81}.Release|Any CPU.Build.0 = Release|Any CPU
		{D23D8D9B-C19E-40F0-AD15-928FB998D301}.Debug|Any CPU.ActiveCfg = Debug|Any CPU
		{D23D8D9B-C19E-40F0-AD15-928FB998D301}.Debug|Any CPU.Build.0 = Debug|Any CPU
		{D23D8D9B-C19E-40F0-AD15-928FB998D301}.Release|Any CPU.ActiveCfg = Release|Any CPU
		{D23D8D9B-C19E-40F0-AD15-928FB998D301}.Release|Any CPU.Build.0 = Release|Any CPU
		{61655F9E-3EBC-460E-B513-30B6269BCE9C}.Debug|Any CPU.ActiveCfg = Debug|Any CPU
		{61655F9E-3EBC-460E-B513-30B6269BCE9C}.Debug|Any CPU.Build.0 = Debug|Any CPU
		{61655F9E-3EBC-460E-B513-30B6269BCE9C}.Release|Any CPU.ActiveCfg = Release|Any CPU
		{61655F9E-3EBC-460E-B513-30B6269BCE9C}.Release|Any CPU.Build.0 = Release|Any CPU
	EndGlobalSection
	GlobalSection(SolutionProperties) = preSolution
		HideSolutionNode = FALSE
	EndGlobalSection
EndGlobal
