
Microsoft Visual Studio Solution File, Format Version 12.00
# Visual Studio 2012
Project("{FAE04EC0-301F-11D3-BF4B-00C04F79EFBC}") = "UnderstandXAMLDemo1", "UnderstandXAMLDemo1\UnderstandXAMLDemo1.csproj", "{AD828FC8-587D-4794-9FA8-1F4326C59E18}"
EndProject
Global
	GlobalSection(SolutionConfigurationPlatforms) = preSolution
		Debug|Any CPU = Debug|Any CPU
		Release|Any CPU = Release|Any CPU
	EndGlobalSection
	GlobalSection(ProjectConfigurationPlatforms) = postSolution
		{AD828FC8-587D-4794-9FA8-1F4326C59E18}.Debug|Any CPU.ActiveCfg = Debug|Any CPU
		{AD828FC8-587D-4794-9FA8-1F4326C59E18}.Debug|Any CPU.Build.0 = Debug|Any CPU
		{AD828FC8-587D-4794-9FA8-1F4326C59E18}.Release|Any CPU.ActiveCfg = Release|Any CPU
		{AD828FC8-587D-4794-9FA8-1F4326C59E18}.Release|Any CPU.Build.0 = Release|Any CPU
	EndGlobalSection
	GlobalSection(SolutionProperties) = preSolution
		HideSolutionNode = FALSE
	EndGlobalSection
EndGlobal
