
Microsoft Visual Studio Solution File, Format Version 12.00
# Visual Studio 2012
Project("{FAE04EC0-301F-11D3-BF4B-00C04F79EFBC}") = "ProgramLoopTree", "ProgramLoopTree\ProgramLoopTree.csproj", "{0BF9944F-A676-47CA-9CA3-D7E115433440}"
EndProject
Global
	GlobalSection(SolutionConfigurationPlatforms) = preSolution
		Debug|Any CPU = Debug|Any CPU
		Release|Any CPU = Release|Any CPU
	EndGlobalSection
	GlobalSection(ProjectConfigurationPlatforms) = postSolution
		{0BF9944F-A676-47CA-9CA3-D7E115433440}.Debug|Any CPU.ActiveCfg = Debug|Any CPU
		{0BF9944F-A676-47CA-9CA3-D7E115433440}.Debug|Any CPU.Build.0 = Debug|Any CPU
		{0BF9944F-A676-47CA-9CA3-D7E115433440}.Release|Any CPU.ActiveCfg = Release|Any CPU
		{0BF9944F-A676-47CA-9CA3-D7E115433440}.Release|Any CPU.Build.0 = Release|Any CPU
	EndGlobalSection
	GlobalSection(SolutionProperties) = preSolution
		HideSolutionNode = FALSE
	EndGlobalSection
EndGlobal
