
Microsoft Visual Studio Solution File, Format Version 12.00
# Visual Studio 2012
Project("{FAE04EC0-301F-11D3-BF4B-00C04F79EFBC}") = "CreateXMLTree", "CreateXMLTree\CreateXMLTree.csproj", "{C58D4B91-148F-4E5B-A54D-C9ABD7C707ED}"
EndProject
Global
	GlobalSection(SolutionConfigurationPlatforms) = preSolution
		Debug|Any CPU = Debug|Any CPU
		Release|Any CPU = Release|Any CPU
	EndGlobalSection
	GlobalSection(ProjectConfigurationPlatforms) = postSolution
		{C58D4B91-148F-4E5B-A54D-C9ABD7C707ED}.Debug|Any CPU.ActiveCfg = Debug|Any CPU
		{C58D4B91-148F-4E5B-A54D-C9ABD7C707ED}.Debug|Any CPU.Build.0 = Debug|Any CPU
		{C58D4B91-148F-4E5B-A54D-C9ABD7C707ED}.Release|Any CPU.ActiveCfg = Release|Any CPU
		{C58D4B91-148F-4E5B-A54D-C9ABD7C707ED}.Release|Any CPU.Build.0 = Release|Any CPU
	EndGlobalSection
	GlobalSection(SolutionProperties) = preSolution
		HideSolutionNode = FALSE
	EndGlobalSection
EndGlobal
