
Microsoft Visual Studio Solution File, Format Version 12.00
# Visual Studio 2012
Project("{FAE04EC0-301F-11D3-BF4B-00C04F79EFBC}") = "Service", "Service\Service.csproj", "{228F684B-8378-4E9D-BD28-967B4AE27EEF}"
EndProject
Project("{FAE04EC0-301F-11D3-BF4B-00C04F79EFBC}") = "Host", "Host\Host.csproj", "{AE4D2B49-5E41-4281-A78C-6299F3F81202}"
EndProject
Project("{FAE04EC0-301F-11D3-BF4B-00C04F79EFBC}") = "Client", "Client\Client.csproj", "{3365E5A9-C34B-4642-9EBA-15D58148530A}"
EndProject
Global
	GlobalSection(SolutionConfigurationPlatforms) = preSolution
		Debug|Any CPU = Debug|Any CPU
		Release|Any CPU = Release|Any CPU
	EndGlobalSection
	GlobalSection(ProjectConfigurationPlatforms) = postSolution
		{228F684B-8378-4E9D-BD28-967B4AE27EEF}.Debug|Any CPU.ActiveCfg = Debug|Any CPU
		{228F684B-8378-4E9D-BD28-967B4AE27EEF}.Debug|Any CPU.Build.0 = Debug|Any CPU
		{228F684B-8378-4E9D-BD28-967B4AE27EEF}.Release|Any CPU.ActiveCfg = Release|Any CPU
		{228F684B-8378-4E9D-BD28-967B4AE27EEF}.Release|Any CPU.Build.0 = Release|Any CPU
		{AE4D2B49-5E41-4281-A78C-6299F3F81202}.Debug|Any CPU.ActiveCfg = Debug|Any CPU
		{AE4D2B49-5E41-4281-A78C-6299F3F81202}.Debug|Any CPU.Build.0 = Debug|Any CPU
		{AE4D2B49-5E41-4281-A78C-6299F3F81202}.Release|Any CPU.ActiveCfg = Release|Any CPU
		{AE4D2B49-5E41-4281-A78C-6299F3F81202}.Release|Any CPU.Build.0 = Release|Any CPU
		{3365E5A9-C34B-4642-9EBA-15D58148530A}.Debug|Any CPU.ActiveCfg = Debug|Any CPU
		{3365E5A9-C34B-4642-9EBA-15D58148530A}.Debug|Any CPU.Build.0 = Debug|Any CPU
		{3365E5A9-C34B-4642-9EBA-15D58148530A}.Release|Any CPU.ActiveCfg = Release|Any CPU
		{3365E5A9-C34B-4642-9EBA-15D58148530A}.Release|Any CPU.Build.0 = Release|Any CPU
	EndGlobalSection
	GlobalSection(SolutionProperties) = preSolution
		HideSolutionNode = FALSE
	EndGlobalSection
EndGlobal
