
Microsoft Visual Studio Solution File, Format Version 12.00
# Visual Studio 2012
Project("{FAE04EC0-301F-11D3-BF4B-00C04F79EFBC}") = "OneWayService", "OneWayService\OneWayService.csproj", "{7758A95B-A936-470E-804A-BEFD56EB1C6F}"
EndProject
Project("{FAE04EC0-301F-11D3-BF4B-00C04F79EFBC}") = "Host", "Host\Host.csproj", "{10203ADD-1597-435A-9ABC-4A137CFD4B4D}"
EndProject
Project("{FAE04EC0-301F-11D3-BF4B-00C04F79EFBC}") = "Client", "Client\Client.csproj", "{175070BD-9618-4E3B-85E4-8DFCB71372EC}"
EndProject
Global
	GlobalSection(SolutionConfigurationPlatforms) = preSolution
		Debug|Any CPU = Debug|Any CPU
		Release|Any CPU = Release|Any CPU
	EndGlobalSection
	GlobalSection(ProjectConfigurationPlatforms) = postSolution
		{7758A95B-A936-470E-804A-BEFD56EB1C6F}.Debug|Any CPU.ActiveCfg = Debug|Any CPU
		{7758A95B-A936-470E-804A-BEFD56EB1C6F}.Debug|Any CPU.Build.0 = Debug|Any CPU
		{7758A95B-A936-470E-804A-BEFD56EB1C6F}.Release|Any CPU.ActiveCfg = Release|Any CPU
		{7758A95B-A936-470E-804A-BEFD56EB1C6F}.Release|Any CPU.Build.0 = Release|Any CPU
		{10203ADD-1597-435A-9ABC-4A137CFD4B4D}.Debug|Any CPU.ActiveCfg = Debug|Any CPU
		{10203ADD-1597-435A-9ABC-4A137CFD4B4D}.Debug|Any CPU.Build.0 = Debug|Any CPU
		{10203ADD-1597-435A-9ABC-4A137CFD4B4D}.Release|Any CPU.ActiveCfg = Release|Any CPU
		{10203ADD-1597-435A-9ABC-4A137CFD4B4D}.Release|Any CPU.Build.0 = Release|Any CPU
		{175070BD-9618-4E3B-85E4-8DFCB71372EC}.Debug|Any CPU.ActiveCfg = Debug|Any CPU
		{175070BD-9618-4E3B-85E4-8DFCB71372EC}.Debug|Any CPU.Build.0 = Debug|Any CPU
		{175070BD-9618-4E3B-85E4-8DFCB71372EC}.Release|Any CPU.ActiveCfg = Release|Any CPU
		{175070BD-9618-4E3B-85E4-8DFCB71372EC}.Release|Any CPU.Build.0 = Release|Any CPU
	EndGlobalSection
	GlobalSection(SolutionProperties) = preSolution
		HideSolutionNode = FALSE
	EndGlobalSection
EndGlobal
