
Microsoft Visual Studio Solution File, Format Version 12.00
# Visual Studio 2012
Project("{FAE04EC0-301F-11D3-BF4B-00C04F79EFBC}") = "LineGradientBrushDemo1", "LineGradientBrushDemo1\LineGradientBrushDemo1.csproj", "{DAD39E0E-5B06-4201-B786-27994910F9CC}"
EndProject
Global
	GlobalSection(SolutionConfigurationPlatforms) = preSolution
		Debug|Any CPU = Debug|Any CPU
		Release|Any CPU = Release|Any CPU
	EndGlobalSection
	GlobalSection(ProjectConfigurationPlatforms) = postSolution
		{DAD39E0E-5B06-4201-B786-27994910F9CC}.Debug|Any CPU.ActiveCfg = Debug|Any CPU
		{DAD39E0E-5B06-4201-B786-27994910F9CC}.Debug|Any CPU.Build.0 = Debug|Any CPU
		{DAD39E0E-5B06-4201-B786-27994910F9CC}.Release|Any CPU.ActiveCfg = Release|Any CPU
		{DAD39E0E-5B06-4201-B786-27994910F9CC}.Release|Any CPU.Build.0 = Release|Any CPU
	EndGlobalSection
	GlobalSection(SolutionProperties) = preSolution
		HideSolutionNode = FALSE
	EndGlobalSection
EndGlobal
