
Microsoft Visual Studio Solution File, Format Version 12.00
# Visual Studio 2012
Project("{FAE04EC0-301F-11D3-BF4B-00C04F79EFBC}") = "TextBlockDemo", "TextBlockDemo\TextBlockDemo.csproj", "{712D39EE-85A3-4E0C-951D-33262B565889}"
EndProject
Global
	GlobalSection(SolutionConfigurationPlatforms) = preSolution
		Debug|Any CPU = Debug|Any CPU
		Release|Any CPU = Release|Any CPU
	EndGlobalSection
	GlobalSection(ProjectConfigurationPlatforms) = postSolution
		{712D39EE-85A3-4E0C-951D-33262B565889}.Debug|Any CPU.ActiveCfg = Debug|Any CPU
		{712D39EE-85A3-4E0C-951D-33262B565889}.Debug|Any CPU.Build.0 = Debug|Any CPU
		{712D39EE-85A3-4E0C-951D-33262B565889}.Release|Any CPU.ActiveCfg = Release|Any CPU
		{712D39EE-85A3-4E0C-951D-33262B565889}.Release|Any CPU.Build.0 = Release|Any CPU
	EndGlobalSection
	GlobalSection(SolutionProperties) = preSolution
		HideSolutionNode = FALSE
	EndGlobalSection
EndGlobal
