
Microsoft Visual Studio Solution File, Format Version 12.00
# Visual Studio 2012
Project("{FAE04EC0-301F-11D3-BF4B-00C04F79EFBC}") = "GeometryDrawingDemo", "GeometryDrawingDemo\GeometryDrawingDemo.csproj", "{D9A51EA5-9C01-4D29-AF1B-3CF2C6230755}"
EndProject
Global
	GlobalSection(SolutionConfigurationPlatforms) = preSolution
		Debug|Any CPU = Debug|Any CPU
		Release|Any CPU = Release|Any CPU
	EndGlobalSection
	GlobalSection(ProjectConfigurationPlatforms) = postSolution
		{D9A51EA5-9C01-4D29-AF1B-3CF2C6230755}.Debug|Any CPU.ActiveCfg = Debug|Any CPU
		{D9A51EA5-9C01-4D29-AF1B-3CF2C6230755}.Debug|Any CPU.Build.0 = Debug|Any CPU
		{D9A51EA5-9C01-4D29-AF1B-3CF2C6230755}.Release|Any CPU.ActiveCfg = Release|Any CPU
		{D9A51EA5-9C01-4D29-AF1B-3CF2C6230755}.Release|Any CPU.Build.0 = Release|Any CPU
	EndGlobalSection
	GlobalSection(SolutionProperties) = preSolution
		HideSolutionNode = FALSE
	EndGlobalSection
EndGlobal
