
Microsoft Visual Studio Solution File, Format Version 12.00
# Visual Studio 2012
Project("{FAE04EC0-301F-11D3-BF4B-00C04F79EFBC}") = "CreateWPFDependencyProperty", "CreateWPFDependencyProperty\CreateWPFDependencyProperty.csproj", "{7A64C01E-312E-4F7C-B4F1-46F6723CEE44}"
EndProject
Global
	GlobalSection(SolutionConfigurationPlatforms) = preSolution
		Debug|Any CPU = Debug|Any CPU
		Release|Any CPU = Release|Any CPU
	EndGlobalSection
	GlobalSection(ProjectConfigurationPlatforms) = postSolution
		{7A64C01E-312E-4F7C-B4F1-46F6723CEE44}.Debug|Any CPU.ActiveCfg = Debug|Any CPU
		{7A64C01E-312E-4F7C-B4F1-46F6723CEE44}.Debug|Any CPU.Build.0 = Debug|Any CPU
		{7A64C01E-312E-4F7C-B4F1-46F6723CEE44}.Release|Any CPU.ActiveCfg = Release|Any CPU
		{7A64C01E-312E-4F7C-B4F1-46F6723CEE44}.Release|Any CPU.Build.0 = Release|Any CPU
	EndGlobalSection
	GlobalSection(SolutionProperties) = preSolution
		HideSolutionNode = FALSE
	EndGlobalSection
EndGlobal
