
Microsoft Visual Studio Solution File, Format Version 12.00
# Visual Studio 2012
Project("{FAE04EC0-301F-11D3-BF4B-00C04F79EFBC}") = "SimpleDiagDox", "SimpleDiagDox\SimpleDiagDox.csproj", "{A01DF94E-3832-42B4-9B46-82A630712960}"
EndProject
Global
	GlobalSection(SolutionConfigurationPlatforms) = preSolution
		Debug|Any CPU = Debug|Any CPU
		Release|Any CPU = Release|Any CPU
	EndGlobalSection
	GlobalSection(ProjectConfigurationPlatforms) = postSolution
		{A01DF94E-3832-42B4-9B46-82A630712960}.Debug|Any CPU.ActiveCfg = Debug|Any CPU
		{A01DF94E-3832-42B4-9B46-82A630712960}.Debug|Any CPU.Build.0 = Debug|Any CPU
		{A01DF94E-3832-42B4-9B46-82A630712960}.Release|Any CPU.ActiveCfg = Release|Any CPU
		{A01DF94E-3832-42B4-9B46-82A630712960}.Release|Any CPU.Build.0 = Release|Any CPU
	EndGlobalSection
	GlobalSection(SolutionProperties) = preSolution
		HideSolutionNode = FALSE
	EndGlobalSection
EndGlobal
