
Microsoft Visual Studio Solution File, Format Version 12.00
# Visual Studio 2012
Project("{FAE04EC0-301F-11D3-BF4B-00C04F79EFBC}") = "AddAndRemoveEntry", "AddAndRemoveEntry\AddAndRemoveEntry.csproj", "{A97F4AE0-7EF2-4C34-B504-32C2804F0B30}"
EndProject
Global
	GlobalSection(SolutionConfigurationPlatforms) = preSolution
		Debug|Any CPU = Debug|Any CPU
		Release|Any CPU = Release|Any CPU
	EndGlobalSection
	GlobalSection(ProjectConfigurationPlatforms) = postSolution
		{A97F4AE0-7EF2-4C34-B504-32C2804F0B30}.Debug|Any CPU.ActiveCfg = Debug|Any CPU
		{A97F4AE0-7EF2-4C34-B504-32C2804F0B30}.Debug|Any CPU.Build.0 = Debug|Any CPU
		{A97F4AE0-7EF2-4C34-B504-32C2804F0B30}.Release|Any CPU.ActiveCfg = Release|Any CPU
		{A97F4AE0-7EF2-4C34-B504-32C2804F0B30}.Release|Any CPU.Build.0 = Release|Any CPU
	EndGlobalSection
	GlobalSection(SolutionProperties) = preSolution
		HideSolutionNode = FALSE
	EndGlobalSection
EndGlobal
