
Microsoft Visual Studio Solution File, Format Version 12.00
# Visual Studio 2012
Project("{FAE04EC0-301F-11D3-BF4B-00C04F79EFBC}") = "PersistenceDemo", "PersistenceDemo\PersistenceDemo.csproj", "{A208EB5B-8A73-432D-A1FF-9FCB3C813064}"
EndProject
Project("{FAE04EC0-301F-11D3-BF4B-00C04F79EFBC}") = "PersistenceWorkflow", "PersistenceWorkflow\PersistenceWorkflow.csproj", "{567FA4ED-D8E7-4465-95F0-B922883F498C}"
EndProject
Global
	GlobalSection(SolutionConfigurationPlatforms) = preSolution
		Debug|Any CPU = Debug|Any CPU
		Release|Any CPU = Release|Any CPU
	EndGlobalSection
	GlobalSection(ProjectConfigurationPlatforms) = postSolution
		{A208EB5B-8A73-432D-A1FF-9FCB3C813064}.Debug|Any CPU.ActiveCfg = Debug|Any CPU
		{A208EB5B-8A73-432D-A1FF-9FCB3C813064}.Debug|Any CPU.Build.0 = Debug|Any CPU
		{A208EB5B-8A73-432D-A1FF-9FCB3C813064}.Release|Any CPU.ActiveCfg = Release|Any CPU
		{A208EB5B-8A73-432D-A1FF-9FCB3C813064}.Release|Any CPU.Build.0 = Release|Any CPU
		{567FA4ED-D8E7-4465-95F0-B922883F498C}.Debug|Any CPU.ActiveCfg = Debug|Any CPU
		{567FA4ED-D8E7-4465-95F0-B922883F498C}.Debug|Any CPU.Build.0 = Debug|Any CPU
		{567FA4ED-D8E7-4465-95F0-B922883F498C}.Release|Any CPU.ActiveCfg = Release|Any CPU
		{567FA4ED-D8E7-4465-95F0-B922883F498C}.Release|Any CPU.Build.0 = Release|Any CPU
	EndGlobalSection
	GlobalSection(SolutionProperties) = preSolution
		HideSolutionNode = FALSE
	EndGlobalSection
EndGlobal
